
Microsoft Visual Studio Solution File, Format Version 12.00
# Visual Studio Version 17
VisualStudioVersion = 17.14.36121.58
MinimumVisualStudioVersion = 10.0.40219.1
Project("{8BC9CEB8-8B4A-11D0-8D11-00A0C91BC942}") = "CH01_Game_Algorithm", "CH1_Game_Algorithm\CH1_Game_Algorithm.vcxproj", "{DF25E770-E5B1-488C-9FBC-FEC308C9A6F5}"
EndProject
Project("{8BC9CEB8-8B4A-11D0-8D11-00A0C91BC942}") = "CH02_Basic_Sorting", "CH02_Basic_Sorting\CH02_Basic_Sorting.vcxproj", "{15280516-DCF1-4F62-B093-7199FB4E0FED}"
EndProject
Project("{8BC9CEB8-8B4A-11D0-8D11-00A0C91BC942}") = "CH03_Insert_Quick_Sort", "CH03_Insert_Quick_Sort\CH03_Insert_Quick_Sort.vcxproj", "{4349AE30-AF37-4537-8455-62236347AC22}"
EndProject
Project("{8BC9CEB8-8B4A-11D0-8D11-00A0C91BC942}") = "CH04_Merge_Sort", "CH04_Merge_Sort\CH04_Merge_Sort.vcxproj", "{8A282A98-9152-4AAC-8F9B-3B8B001C0316}"
EndProject
Project("{8BC9CEB8-8B4A-11D0-8D11-00A0C91BC942}") = "CH05_Sort_Search", "CH05_Sort_Search\CH05_Sort_Search.vcxproj", "{71F67F19-0C0A-4B0A-97C7-A448F051E8AC}"
EndProject
Project("{8BC9CEB8-8B4A-11D0-8D11-00A0C91BC942}") = "CH06_Tree", "CH06_Tree\CH06_Tree.vcxproj", "{FC18AB59-8310-409C-9E4C-CEB048A6EDE6}"
EndProject
Project("{8BC9CEB8-8B4A-11D0-8D11-00A0C91BC942}") = "CH07_KTHFind", "CH07_KDFind\CH07_KDFind.vcxproj", "{31207530-DF77-4F62-A8DE-5B78DF02100E}"
EndProject
Project("{8BC9CEB8-8B4A-11D0-8D11-00A0C91BC942}") = "CH08_Heap", "CH08_Heap\CH08_Heap.vcxproj", "{866EDF7A-CC6A-46F9-B1B5-F1B58E9F02BD}"
EndProject
Project("{8BC9CEB8-8B4A-11D0-8D11-00A0C91BC942}") = "CH09_Threat_System", "CH09_Threat_System\CH09_Threat_System.vcxproj", "{87416871-3D09-4E0A-85F6-B0D1A598F9EE}"
EndProject
Project("{8BC9CEB8-8B4A-11D0-8D11-00A0C91BC942}") = "CH10_Graph", "CH10_Graph\CH10_Graph.vcxproj", "{934535A6-69BD-43A1-8E55-9AC0E7F0E250}"
EndProject
Global
	GlobalSection(SolutionConfigurationPlatforms) = preSolution
		Debug|x64 = Debug|x64
		Debug|x86 = Debug|x86
		Release|x64 = Release|x64
		Release|x86 = Release|x86
	EndGlobalSection
	GlobalSection(ProjectConfigurationPlatforms) = postSolution
		{DF25E770-E5B1-488C-9FBC-FEC308C9A6F5}.Debug|x64.ActiveCfg = Debug|x64
		{DF25E770-E5B1-488C-9FBC-FEC308C9A6F5}.Debug|x64.Build.0 = Debug|x64
		{DF25E770-E5B1-488C-9FBC-FEC308C9A6F5}.Debug|x86.ActiveCfg = Debug|Win32
		{DF25E770-E5B1-488C-9FBC-FEC308C9A6F5}.Debug|x86.Build.0 = Debug|Win32
		{DF25E770-E5B1-488C-9FBC-FEC308C9A6F5}.Release|x64.ActiveCfg = Release|x64
		{DF25E770-E5B1-488C-9FBC-FEC308C9A6F5}.Release|x64.Build.0 = Release|x64
		{DF25E770-E5B1-488C-9FBC-FEC308C9A6F5}.Release|x86.ActiveCfg = Release|Win32
		{DF25E770-E5B1-488C-9FBC-FEC308C9A6F5}.Release|x86.Build.0 = Release|Win32
		{15280516-DCF1-4F62-B093-7199FB4E0FED}.Debug|x64.ActiveCfg = Debug|x64
		{15280516-DCF1-4F62-B093-7199FB4E0FED}.Debug|x64.Build.0 = Debug|x64
		{15280516-DCF1-4F62-B093-7199FB4E0FED}.Debug|x86.ActiveCfg = Debug|Win32
		{15280516-DCF1-4F62-B093-7199FB4E0FED}.Debug|x86.Build.0 = Debug|Win32
		{15280516-DCF1-4F62-B093-7199FB4E0FED}.Release|x64.ActiveCfg = Release|x64
		{15280516-DCF1-4F62-B093-7199FB4E0FED}.Release|x64.Build.0 = Release|x64
		{15280516-DCF1-4F62-B093-7199FB4E0FED}.Release|x86.ActiveCfg = Release|Win32
		{15280516-DCF1-4F62-B093-7199FB4E0FED}.Release|x86.Build.0 = Release|Win32
		{4349AE30-AF37-4537-8455-62236347AC22}.Debug|x64.ActiveCfg = Debug|x64
		{4349AE30-AF37-4537-8455-62236347AC22}.Debug|x64.Build.0 = Debug|x64
		{4349AE30-AF37-4537-8455-62236347AC22}.Debug|x86.ActiveCfg = Debug|Win32
		{4349AE30-AF37-4537-8455-62236347AC22}.Debug|x86.Build.0 = Debug|Win32
		{4349AE30-AF37-4537-8455-62236347AC22}.Release|x64.ActiveCfg = Release|x64
		{4349AE30-AF37-4537-8455-62236347AC22}.Release|x64.Build.0 = Release|x64
		{4349AE30-AF37-4537-8455-62236347AC22}.Release|x86.ActiveCfg = Release|Win32
		{4349AE30-AF37-4537-8455-62236347AC22}.Release|x86.Build.0 = Release|Win32
		{8A282A98-9152-4AAC-8F9B-3B8B001C0316}.Debug|x64.ActiveCfg = Debug|x64
		{8A282A98-9152-4AAC-8F9B-3B8B001C0316}.Debug|x64.Build.0 = Debug|x64
		{8A282A98-9152-4AAC-8F9B-3B8B001C0316}.Debug|x86.ActiveCfg = Debug|Win32
		{8A282A98-9152-4AAC-8F9B-3B8B001C0316}.Debug|x86.Build.0 = Debug|Win32
		{8A282A98-9152-4AAC-8F9B-3B8B001C0316}.Release|x64.ActiveCfg = Release|x64
		{8A282A98-9152-4AAC-8F9B-3B8B001C0316}.Release|x64.Build.0 = Release|x64
		{8A282A98-9152-4AAC-8F9B-3B8B001C0316}.Release|x86.ActiveCfg = Release|Win32
		{8A282A98-9152-4AAC-8F9B-3B8B001C0316}.Release|x86.Build.0 = Release|Win32
		{71F67F19-0C0A-4B0A-97C7-A448F051E8AC}.Debug|x64.ActiveCfg = Debug|x64
		{71F67F19-0C0A-4B0A-97C7-A448F051E8AC}.Debug|x64.Build.0 = Debug|x64
		{71F67F19-0C0A-4B0A-97C7-A448F051E8AC}.Debug|x86.ActiveCfg = Debug|Win32
		{71F67F19-0C0A-4B0A-97C7-A448F051E8AC}.Debug|x86.Build.0 = Debug|Win32
		{71F67F19-0C0A-4B0A-97C7-A448F051E8AC}.Release|x64.ActiveCfg = Release|x64
		{71F67F19-0C0A-4B0A-97C7-A448F051E8AC}.Release|x64.Build.0 = Release|x64
		{71F67F19-0C0A-4B0A-97C7-A448F051E8AC}.Release|x86.ActiveCfg = Release|Win32
		{71F67F19-0C0A-4B0A-97C7-A448F051E8AC}.Release|x86.Build.0 = Release|Win32
		{FC18AB59-8310-409C-9E4C-CEB048A6EDE6}.Debug|x64.ActiveCfg = Debug|x64
		{FC18AB59-8310-409C-9E4C-CEB048A6EDE6}.Debug|x64.Build.0 = Debug|x64
		{FC18AB59-8310-409C-9E4C-CEB048A6EDE6}.Debug|x86.ActiveCfg = Debug|Win32
		{FC18AB59-8310-409C-9E4C-CEB048A6EDE6}.Debug|x86.Build.0 = Debug|Win32
		{FC18AB59-8310-409C-9E4C-CEB048A6EDE6}.Release|x64.ActiveCfg = Release|x64
		{FC18AB59-8310-409C-9E4C-CEB048A6EDE6}.Release|x64.Build.0 = Release|x64
		{FC18AB59-8310-409C-9E4C-CEB048A6EDE6}.Release|x86.ActiveCfg = Release|Win32
		{FC18AB59-8310-409C-9E4C-CEB048A6EDE6}.Release|x86.Build.0 = Release|Win32
		{31207530-DF77-4F62-A8DE-5B78DF02100E}.Debug|x64.ActiveCfg = Debug|x64
		{31207530-DF77-4F62-A8DE-5B78DF02100E}.Debug|x64.Build.0 = Debug|x64
		{31207530-DF77-4F62-A8DE-5B78DF02100E}.Debug|x86.ActiveCfg = Debug|Win32
		{31207530-DF77-4F62-A8DE-5B78DF02100E}.Debug|x86.Build.0 = Debug|Win32
		{31207530-DF77-4F62-A8DE-5B78DF02100E}.Release|x64.ActiveCfg = Release|x64
		{31207530-DF77-4F62-A8DE-5B78DF02100E}.Release|x64.Build.0 = Release|x64
		{31207530-DF77-4F62-A8DE-5B78DF02100E}.Release|x86.ActiveCfg = Release|Win32
		{31207530-DF77-4F62-A8DE-5B78DF02100E}.Release|x86.Build.0 = Release|Win32
		{866EDF7A-CC6A-46F9-B1B5-F1B58E9F02BD}.Debug|x64.ActiveCfg = Debug|x64
		{866EDF7A-CC6A-46F9-B1B5-F1B58E9F02BD}.Debug|x64.Build.0 = Debug|x64
		{866EDF7A-CC6A-46F9-B1B5-F1B58E9F02BD}.Debug|x86.ActiveCfg = Debug|Win32
		{866EDF7A-CC6A-46F9-B1B5-F1B58E9F02BD}.Debug|x86.Build.0 = Debug|Win32
		{866EDF7A-CC6A-46F9-B1B5-F1B58E9F02BD}.Release|x64.ActiveCfg = Release|x64
		{866EDF7A-CC6A-46F9-B1B5-F1B58E9F02BD}.Release|x64.Build.0 = Release|x64
		{866EDF7A-CC6A-46F9-B1B5-F1B58E9F02BD}.Release|x86.ActiveCfg = Release|Win32
		{866EDF7A-CC6A-46F9-B1B5-F1B58E9F02BD}.Release|x86.Build.0 = Release|Win32
		{87416871-3D09-4E0A-85F6-B0D1A598F9EE}.Debug|x64.ActiveCfg = Debug|x64
		{87416871-3D09-4E0A-85F6-B0D1A598F9EE}.Debug|x64.Build.0 = Debug|x64
		{87416871-3D09-4E0A-85F6-B0D1A598F9EE}.Debug|x86.ActiveCfg = Debug|Win32
		{87416871-3D09-4E0A-85F6-B0D1A598F9EE}.Debug|x86.Build.0 = Debug|Win32
		{87416871-3D09-4E0A-85F6-B0D1A598F9EE}.Release|x64.ActiveCfg = Release|x64
		{87416871-3D09-4E0A-85F6-B0D1A598F9EE}.Release|x64.Build.0 = Release|x64
		{87416871-3D09-4E0A-85F6-B0D1A598F9EE}.Release|x86.ActiveCfg = Release|Win32
		{87416871-3D09-4E0A-85F6-B0D1A598F9EE}.Release|x86.Build.0 = Release|Win32
		{934535A6-69BD-43A1-8E55-9AC0E7F0E250}.Debug|x64.ActiveCfg = Debug|x64
		{934535A6-69BD-43A1-8E55-9AC0E7F0E250}.Debug|x64.Build.0 = Debug|x64
		{934535A6-69BD-43A1-8E55-9AC0E7F0E250}.Debug|x86.ActiveCfg = Debug|Win32
		{934535A6-69BD-43A1-8E55-9AC0E7F0E250}.Debug|x86.Build.0 = Debug|Win32
		{934535A6-69BD-43A1-8E55-9AC0E7F0E250}.Release|x64.ActiveCfg = Release|x64
		{934535A6-69BD-43A1-8E55-9AC0E7F0E250}.Release|x64.Build.0 = Release|x64
		{934535A6-69BD-43A1-8E55-9AC0E7F0E250}.Release|x86.ActiveCfg = Release|Win32
		{934535A6-69BD-43A1-8E55-9AC0E7F0E250}.Release|x86.Build.0 = Release|Win32
	EndGlobalSection
	GlobalSection(SolutionProperties) = preSolution
		HideSolutionNode = FALSE
	EndGlobalSection
	GlobalSection(ExtensibilityGlobals) = postSolution
		SolutionGuid = {35F4F1B6-1C27-46DF-8894-639EBF7B6FCA}
	EndGlobalSection
EndGlobal
